// !$*UTF8*$!
{
	archiveVersion = 1;
	classes = {
	};
	objectVersion = 51;
	objects = {

/* Begin PBXBuildFile section */
		843E322F24B1D9BD00A33185 /* UISearchBarExtensions.swift in Sources */ = {isa = PBXBuildFile; fileRef = 843E322E24B1D9BD00A33185 /* UISearchBarExtensions.swift */; };
		84D1F31624B16F1200D51359 /* AppDelegate.swift in Sources */ = {isa = PBXBuildFile; fileRef = 84D1F31524B16F1200D51359 /* AppDelegate.swift */; };
		84D1F31824B16F1200D51359 /* SceneDelegate.swift in Sources */ = {isa = PBXBuildFile; fileRef = 84D1F31724B16F1200D51359 /* SceneDelegate.swift */; };
		84D1F31A24B16F1200D51359 /* MoviesMasterViewController.swift in Sources */ = {isa = PBXBuildFile; fileRef = 84D1F31924B16F1200D51359 /* MoviesMasterViewController.swift */; };
		84D1F31C24B16F1200D51359 /* MovieDetailViewController.swift in Sources */ = {isa = PBXBuildFile; fileRef = 84D1F31B24B16F1200D51359 /* MovieDetailViewController.swift */; };
		84D1F31F24B16F1200D51359 /* Movies.storyboard in Resources */ = {isa = PBXBuildFile; fileRef = 84D1F31D24B16F1200D51359 /* Movies.storyboard */; };
		84D1F32124B16F1400D51359 /* Assets.xcassets in Resources */ = {isa = PBXBuildFile; fileRef = 84D1F32024B16F1400D51359 /* Assets.xcassets */; };
		84D1F32424B16F1400D51359 /* LaunchScreen.storyboard in Resources */ = {isa = PBXBuildFile; fileRef = 84D1F32224B16F1400D51359 /* LaunchScreen.storyboard */; };
		84D1F32F24B16F1400D51359 /* ADecadeOfMoviesTests.swift in Sources */ = {isa = PBXBuildFile; fileRef = 84D1F32E24B16F1400D51359 /* ADecadeOfMoviesTests.swift */; };
		84D1F34224B1BF4D00D51359 /* Movie.swift in Sources */ = {isa = PBXBuildFile; fileRef = 84D1F34124B1BF4D00D51359 /* Movie.swift */; };
		84D1F34324B1BF4D00D51359 /* Movie.swift in Sources */ = {isa = PBXBuildFile; fileRef = 84D1F34124B1BF4D00D51359 /* Movie.swift */; };
		84D1F34624B1BF7F00D51359 /* movies.json in Resources */ = {isa = PBXBuildFile; fileRef = 84D1F34524B1BF7F00D51359 /* movies.json */; };
		84D1F34724B1BF7F00D51359 /* movies.json in Resources */ = {isa = PBXBuildFile; fileRef = 84D1F34524B1BF7F00D51359 /* movies.json */; };
		84D1F34924B1BFF900D51359 /* MoviesViewModel.swift in Sources */ = {isa = PBXBuildFile; fileRef = 84D1F34824B1BFF900D51359 /* MoviesViewModel.swift */; };
		84D1F34A24B1BFF900D51359 /* MoviesViewModel.swift in Sources */ = {isa = PBXBuildFile; fileRef = 84D1F34824B1BFF900D51359 /* MoviesViewModel.swift */; };
		84D1F34D24B1C75300D51359 /* MoviesResponse.swift in Sources */ = {isa = PBXBuildFile; fileRef = 84D1F34C24B1C75300D51359 /* MoviesResponse.swift */; };
		84D1F34E24B1C75300D51359 /* MoviesResponse.swift in Sources */ = {isa = PBXBuildFile; fileRef = 84D1F34C24B1C75300D51359 /* MoviesResponse.swift */; };
		84E7E14424B1CE0A0054FAC7 /* SF-Pro-Display-Heavy.otf in Resources */ = {isa = PBXBuildFile; fileRef = 84E7E12624B1CE070054FAC7 /* SF-Pro-Display-Heavy.otf */; };
		84E7E14524B1CE0A0054FAC7 /* SF-Pro-Display-Heavy.otf in Resources */ = {isa = PBXBuildFile; fileRef = 84E7E12624B1CE070054FAC7 /* SF-Pro-Display-Heavy.otf */; };
		84E7E14624B1CE0A0054FAC7 /* SF-Pro-Text-Bold.otf in Resources */ = {isa = PBXBuildFile; fileRef = 84E7E12724B1CE070054FAC7 /* SF-Pro-Text-Bold.otf */; };
		84E7E14724B1CE0A0054FAC7 /* SF-Pro-Text-Bold.otf in Resources */ = {isa = PBXBuildFile; fileRef = 84E7E12724B1CE070054FAC7 /* SF-Pro-Text-Bold.otf */; };
		84E7E14824B1CE0A0054FAC7 /* SF-Pro-Text-Medium.otf in Resources */ = {isa = PBXBuildFile; fileRef = 84E7E12824B1CE070054FAC7 /* SF-Pro-Text-Medium.otf */; };
		84E7E14924B1CE0A0054FAC7 /* SF-Pro-Text-Medium.otf in Resources */ = {isa = PBXBuildFile; fileRef = 84E7E12824B1CE070054FAC7 /* SF-Pro-Text-Medium.otf */; };
		84E7E14A24B1CE0A0054FAC7 /* SF-Pro-Display-ThinItalic.otf in Resources */ = {isa = PBXBuildFile; fileRef = 84E7E12924B1CE070054FAC7 /* SF-Pro-Display-ThinItalic.otf */; };
		84E7E14B24B1CE0A0054FAC7 /* SF-Pro-Display-ThinItalic.otf in Resources */ = {isa = PBXBuildFile; fileRef = 84E7E12924B1CE070054FAC7 /* SF-Pro-Display-ThinItalic.otf */; };
		84E7E14C24B1CE0A0054FAC7 /* SF-Pro-Display-Semibold.otf in Resources */ = {isa = PBXBuildFile; fileRef = 84E7E12A24B1CE070054FAC7 /* SF-Pro-Display-Semibold.otf */; };
		84E7E14D24B1CE0A0054FAC7 /* SF-Pro-Display-Semibold.otf in Resources */ = {isa = PBXBuildFile; fileRef = 84E7E12A24B1CE070054FAC7 /* SF-Pro-Display-Semibold.otf */; };
		84E7E14E24B1CE0A0054FAC7 /* SF-Pro-Display-UltralightItalic.otf in Resources */ = {isa = PBXBuildFile; fileRef = 84E7E12B24B1CE070054FAC7 /* SF-Pro-Display-UltralightItalic.otf */; };
		84E7E14F24B1CE0A0054FAC7 /* SF-Pro-Display-UltralightItalic.otf in Resources */ = {isa = PBXBuildFile; fileRef = 84E7E12B24B1CE070054FAC7 /* SF-Pro-Display-UltralightItalic.otf */; };
		84E7E15024B1CE0A0054FAC7 /* SF-Pro-Display-LightItalic.otf in Resources */ = {isa = PBXBuildFile; fileRef = 84E7E12C24B1CE070054FAC7 /* SF-Pro-Display-LightItalic.otf */; };
		84E7E15124B1CE0A0054FAC7 /* SF-Pro-Display-LightItalic.otf in Resources */ = {isa = PBXBuildFile; fileRef = 84E7E12C24B1CE070054FAC7 /* SF-Pro-Display-LightItalic.otf */; };
		84E7E15224B1CE0A0054FAC7 /* SF-Pro-Text-Heavy.otf in Resources */ = {isa = PBXBuildFile; fileRef = 84E7E12D24B1CE070054FAC7 /* SF-Pro-Text-Heavy.otf */; };
		84E7E15324B1CE0A0054FAC7 /* SF-Pro-Text-Heavy.otf in Resources */ = {isa = PBXBuildFile; fileRef = 84E7E12D24B1CE070054FAC7 /* SF-Pro-Text-Heavy.otf */; };
		84E7E15424B1CE0A0054FAC7 /* SF-Pro-Text-RegularItalic.otf in Resources */ = {isa = PBXBuildFile; fileRef = 84E7E12E24B1CE070054FAC7 /* SF-Pro-Text-RegularItalic.otf */; };
		84E7E15524B1CE0A0054FAC7 /* SF-Pro-Text-RegularItalic.otf in Resources */ = {isa = PBXBuildFile; fileRef = 84E7E12E24B1CE070054FAC7 /* SF-Pro-Text-RegularItalic.otf */; };
		84E7E15624B1CE0A0054FAC7 /* SF-Pro-Display-Black.otf in Resources */ = {isa = PBXBuildFile; fileRef = 84E7E12F24B1CE070054FAC7 /* SF-Pro-Display-Black.otf */; };
		84E7E15724B1CE0A0054FAC7 /* SF-Pro-Display-Black.otf in Resources */ = {isa = PBXBuildFile; fileRef = 84E7E12F24B1CE070054FAC7 /* SF-Pro-Display-Black.otf */; };
		84E7E15824B1CE0A0054FAC7 /* SF-Pro-Display-Regular.otf in Resources */ = {isa = PBXBuildFile; fileRef = 84E7E13024B1CE070054FAC7 /* SF-Pro-Display-Regular.otf */; };
		84E7E15924B1CE0A0054FAC7 /* SF-Pro-Display-Regular.otf in Resources */ = {isa = PBXBuildFile; fileRef = 84E7E13024B1CE070054FAC7 /* SF-Pro-Display-Regular.otf */; };
		84E7E15A24B1CE0A0054FAC7 /* SF-Pro-Text-Light.otf in Resources */ = {isa = PBXBuildFile; fileRef = 84E7E13124B1CE080054FAC7 /* SF-Pro-Text-Light.otf */; };
		84E7E15B24B1CE0A0054FAC7 /* SF-Pro-Text-Light.otf in Resources */ = {isa = PBXBuildFile; fileRef = 84E7E13124B1CE080054FAC7 /* SF-Pro-Text-Light.otf */; };
		84E7E15C24B1CE0A0054FAC7 /* SF-Pro-Display-Medium.otf in Resources */ = {isa = PBXBuildFile; fileRef = 84E7E13224B1CE080054FAC7 /* SF-Pro-Display-Medium.otf */; };
		84E7E15D24B1CE0A0054FAC7 /* SF-Pro-Display-Medium.otf in Resources */ = {isa = PBXBuildFile; fileRef = 84E7E13224B1CE080054FAC7 /* SF-Pro-Display-Medium.otf */; };
		84E7E15E24B1CE0A0054FAC7 /* SF-Pro-Text-SemiboldItalic.otf in Resources */ = {isa = PBXBuildFile; fileRef = 84E7E13324B1CE080054FAC7 /* SF-Pro-Text-SemiboldItalic.otf */; };
		84E7E15F24B1CE0A0054FAC7 /* SF-Pro-Text-SemiboldItalic.otf in Resources */ = {isa = PBXBuildFile; fileRef = 84E7E13324B1CE080054FAC7 /* SF-Pro-Text-SemiboldItalic.otf */; };
		84E7E16024B1CE0A0054FAC7 /* SF-Pro-Display-Bold.otf in Resources */ = {isa = PBXBuildFile; fileRef = 84E7E13424B1CE080054FAC7 /* SF-Pro-Display-Bold.otf */; };
		84E7E16124B1CE0A0054FAC7 /* SF-Pro-Display-Bold.otf in Resources */ = {isa = PBXBuildFile; fileRef = 84E7E13424B1CE080054FAC7 /* SF-Pro-Display-Bold.otf */; };
		84E7E16224B1CE0A0054FAC7 /* SF-Pro-Display-Ultralight.otf in Resources */ = {isa = PBXBuildFile; fileRef = 84E7E13524B1CE080054FAC7 /* SF-Pro-Display-Ultralight.otf */; };
		84E7E16324B1CE0A0054FAC7 /* SF-Pro-Display-Ultralight.otf in Resources */ = {isa = PBXBuildFile; fileRef = 84E7E13524B1CE080054FAC7 /* SF-Pro-Display-Ultralight.otf */; };
		84E7E16424B1CE0A0054FAC7 /* SF-Pro-Text-Regular.otf in Resources */ = {isa = PBXBuildFile; fileRef = 84E7E13624B1CE080054FAC7 /* SF-Pro-Text-Regular.otf */; };
		84E7E16524B1CE0A0054FAC7 /* SF-Pro-Text-Regular.otf in Resources */ = {isa = PBXBuildFile; fileRef = 84E7E13624B1CE080054FAC7 /* SF-Pro-Text-Regular.otf */; };
		84E7E16624B1CE0A0054FAC7 /* SF-Pro-Display-BoldItalic.otf in Resources */ = {isa = PBXBuildFile; fileRef = 84E7E13724B1CE080054FAC7 /* SF-Pro-Display-BoldItalic.otf */; };
		84E7E16724B1CE0A0054FAC7 /* SF-Pro-Display-BoldItalic.otf in Resources */ = {isa = PBXBuildFile; fileRef = 84E7E13724B1CE080054FAC7 /* SF-Pro-Display-BoldItalic.otf */; };
		84E7E16824B1CE0A0054FAC7 /* SF-Pro-Text-Semibold.otf in Resources */ = {isa = PBXBuildFile; fileRef = 84E7E13824B1CE090054FAC7 /* SF-Pro-Text-Semibold.otf */; };
		84E7E16924B1CE0A0054FAC7 /* SF-Pro-Text-Semibold.otf in Resources */ = {isa = PBXBuildFile; fileRef = 84E7E13824B1CE090054FAC7 /* SF-Pro-Text-Semibold.otf */; };
		84E7E16A24B1CE0A0054FAC7 /* SF-Pro-Display-HeavyItalic.otf in Resources */ = {isa = PBXBuildFile; fileRef = 84E7E13924B1CE090054FAC7 /* SF-Pro-Display-HeavyItalic.otf */; };
		84E7E16B24B1CE0A0054FAC7 /* SF-Pro-Display-HeavyItalic.otf in Resources */ = {isa = PBXBuildFile; fileRef = 84E7E13924B1CE090054FAC7 /* SF-Pro-Display-HeavyItalic.otf */; };
		84E7E16C24B1CE0A0054FAC7 /* SF-Pro-Text-BoldItalic.otf in Resources */ = {isa = PBXBuildFile; fileRef = 84E7E13A24B1CE090054FAC7 /* SF-Pro-Text-BoldItalic.otf */; };
		84E7E16D24B1CE0A0054FAC7 /* SF-Pro-Text-BoldItalic.otf in Resources */ = {isa = PBXBuildFile; fileRef = 84E7E13A24B1CE090054FAC7 /* SF-Pro-Text-BoldItalic.otf */; };
		84E7E16E24B1CE0A0054FAC7 /* SF-Pro-Text-MediumItalic.otf in Resources */ = {isa = PBXBuildFile; fileRef = 84E7E13B24B1CE090054FAC7 /* SF-Pro-Text-MediumItalic.otf */; };
		84E7E16F24B1CE0A0054FAC7 /* SF-Pro-Text-MediumItalic.otf in Resources */ = {isa = PBXBuildFile; fileRef = 84E7E13B24B1CE090054FAC7 /* SF-Pro-Text-MediumItalic.otf */; };
		84E7E17024B1CE0A0054FAC7 /* SF-Pro-Display-MediumItalic.otf in Resources */ = {isa = PBXBuildFile; fileRef = 84E7E13C24B1CE090054FAC7 /* SF-Pro-Display-MediumItalic.otf */; };
		84E7E17124B1CE0A0054FAC7 /* SF-Pro-Display-MediumItalic.otf in Resources */ = {isa = PBXBuildFile; fileRef = 84E7E13C24B1CE090054FAC7 /* SF-Pro-Display-MediumItalic.otf */; };
		84E7E17224B1CE0A0054FAC7 /* SF-Pro-Display-BlackItalic.otf in Resources */ = {isa = PBXBuildFile; fileRef = 84E7E13D24B1CE090054FAC7 /* SF-Pro-Display-BlackItalic.otf */; };
		84E7E17324B1CE0A0054FAC7 /* SF-Pro-Display-BlackItalic.otf in Resources */ = {isa = PBXBuildFile; fileRef = 84E7E13D24B1CE090054FAC7 /* SF-Pro-Display-BlackItalic.otf */; };
		84E7E17424B1CE0A0054FAC7 /* SF-Pro-Text-LightItalic.otf in Resources */ = {isa = PBXBuildFile; fileRef = 84E7E13E24B1CE090054FAC7 /* SF-Pro-Text-LightItalic.otf */; };
		84E7E17524B1CE0A0054FAC7 /* SF-Pro-Text-LightItalic.otf in Resources */ = {isa = PBXBuildFile; fileRef = 84E7E13E24B1CE090054FAC7 /* SF-Pro-Text-LightItalic.otf */; };
		84E7E17624B1CE0A0054FAC7 /* SF-Pro-Display-SemiboldItalic.otf in Resources */ = {isa = PBXBuildFile; fileRef = 84E7E13F24B1CE0A0054FAC7 /* SF-Pro-Display-SemiboldItalic.otf */; };
		84E7E17724B1CE0A0054FAC7 /* SF-Pro-Display-SemiboldItalic.otf in Resources */ = {isa = PBXBuildFile; fileRef = 84E7E13F24B1CE0A0054FAC7 /* SF-Pro-Display-SemiboldItalic.otf */; };
		84E7E17824B1CE0A0054FAC7 /* SF-Pro-Display-Light.otf in Resources */ = {isa = PBXBuildFile; fileRef = 84E7E14024B1CE0A0054FAC7 /* SF-Pro-Display-Light.otf */; };
		84E7E17924B1CE0A0054FAC7 /* SF-Pro-Display-Light.otf in Resources */ = {isa = PBXBuildFile; fileRef = 84E7E14024B1CE0A0054FAC7 /* SF-Pro-Display-Light.otf */; };
		84E7E17A24B1CE0A0054FAC7 /* SF-Pro-Text-HeavyItalic.otf in Resources */ = {isa = PBXBuildFile; fileRef = 84E7E14124B1CE0A0054FAC7 /* SF-Pro-Text-HeavyItalic.otf */; };
		84E7E17B24B1CE0A0054FAC7 /* SF-Pro-Text-HeavyItalic.otf in Resources */ = {isa = PBXBuildFile; fileRef = 84E7E14124B1CE0A0054FAC7 /* SF-Pro-Text-HeavyItalic.otf */; };
		84E7E17C24B1CE0A0054FAC7 /* SF-Pro-Display-RegularItalic.otf in Resources */ = {isa = PBXBuildFile; fileRef = 84E7E14224B1CE0A0054FAC7 /* SF-Pro-Display-RegularItalic.otf */; };
		84E7E17D24B1CE0A0054FAC7 /* SF-Pro-Display-RegularItalic.otf in Resources */ = {isa = PBXBuildFile; fileRef = 84E7E14224B1CE0A0054FAC7 /* SF-Pro-Display-RegularItalic.otf */; };
		84E7E17E24B1CE0A0054FAC7 /* SF-Pro-Display-Thin.otf in Resources */ = {isa = PBXBuildFile; fileRef = 84E7E14324B1CE0A0054FAC7 /* SF-Pro-Display-Thin.otf */; };
		84E7E17F24B1CE0A0054FAC7 /* SF-Pro-Display-Thin.otf in Resources */ = {isa = PBXBuildFile; fileRef = 84E7E14324B1CE0A0054FAC7 /* SF-Pro-Display-Thin.otf */; };
		84E7E18124B1CE340054FAC7 /* UIFontExtension.swift in Sources */ = {isa = PBXBuildFile; fileRef = 84E7E18024B1CE340054FAC7 /* UIFontExtension.swift */; };
		84E7E18224B1CE340054FAC7 /* UIFontExtension.swift in Sources */ = {isa = PBXBuildFile; fileRef = 84E7E18024B1CE340054FAC7 /* UIFontExtension.swift */; };
		B7DEFA9928661358DC49FC11 /* Pods_ADecadeOfMoviesTests.framework in Frameworks */ = {isa = PBXBuildFile; fileRef = 5B4467E03641F20B084E485F /* Pods_ADecadeOfMoviesTests.framework */; };
		DE2A68738EF4040312C54C77 /* Pods_ADecadeOfMovies.framework in Frameworks */ = {isa = PBXBuildFile; fileRef = 18CB8F8DE95146E99876DE19 /* Pods_ADecadeOfMovies.framework */; };
/* End PBXBuildFile section */

/* Begin PBXContainerItemProxy section */
		84D1F32B24B16F1400D51359 /* PBXContainerItemProxy */ = {
			isa = PBXContainerItemProxy;
			containerPortal = 84D1F30A24B16F1200D51359 /* Project object */;
			proxyType = 1;
			remoteGlobalIDString = 84D1F31124B16F1200D51359;
			remoteInfo = ADecadeOfMovies;
		};
/* End PBXContainerItemProxy section */

/* Begin PBXFileReference section */
		01C285EBCA37F8FF970C3DE9 /* Pods-ADecadeOfMovies.release.xcconfig */ = {isa = PBXFileReference; includeInIndex = 1; lastKnownFileType = text.xcconfig; name = "Pods-ADecadeOfMovies.release.xcconfig"; path = "Target Support Files/Pods-ADecadeOfMovies/Pods-ADecadeOfMovies.release.xcconfig"; sourceTree = "<group>"; };
		18CB8F8DE95146E99876DE19 /* Pods_ADecadeOfMovies.framework */ = {isa = PBXFileReference; explicitFileType = wrapper.framework; includeInIndex = 0; path = Pods_ADecadeOfMovies.framework; sourceTree = BUILT_PRODUCTS_DIR; };
		4F66641EC578AD786DB2FB00 /* Pods-ADecadeOfMoviesTests.release.xcconfig */ = {isa = PBXFileReference; includeInIndex = 1; lastKnownFileType = text.xcconfig; name = "Pods-ADecadeOfMoviesTests.release.xcconfig"; path = "Target Support Files/Pods-ADecadeOfMoviesTests/Pods-ADecadeOfMoviesTests.release.xcconfig"; sourceTree = "<group>"; };
		5B4467E03641F20B084E485F /* Pods_ADecadeOfMoviesTests.framework */ = {isa = PBXFileReference; explicitFileType = wrapper.framework; includeInIndex = 0; path = Pods_ADecadeOfMoviesTests.framework; sourceTree = BUILT_PRODUCTS_DIR; };
		843E322E24B1D9BD00A33185 /* UISearchBarExtensions.swift */ = {isa = PBXFileReference; lastKnownFileType = sourcecode.swift; path = UISearchBarExtensions.swift; sourceTree = "<group>"; };
		84D1F31224B16F1200D51359 /* ADecadeOfMovies.app */ = {isa = PBXFileReference; explicitFileType = wrapper.application; includeInIndex = 0; path = ADecadeOfMovies.app; sourceTree = BUILT_PRODUCTS_DIR; };
		84D1F31524B16F1200D51359 /* AppDelegate.swift */ = {isa = PBXFileReference; lastKnownFileType = sourcecode.swift; path = AppDelegate.swift; sourceTree = "<group>"; };
		84D1F31724B16F1200D51359 /* SceneDelegate.swift */ = {isa = PBXFileReference; lastKnownFileType = sourcecode.swift; path = SceneDelegate.swift; sourceTree = "<group>"; };
		84D1F31924B16F1200D51359 /* MoviesMasterViewController.swift */ = {isa = PBXFileReference; lastKnownFileType = sourcecode.swift; path = MoviesMasterViewController.swift; sourceTree = "<group>"; };
		84D1F31B24B16F1200D51359 /* MovieDetailViewController.swift */ = {isa = PBXFileReference; lastKnownFileType = sourcecode.swift; path = MovieDetailViewController.swift; sourceTree = "<group>"; };
		84D1F31E24B16F1200D51359 /* Base */ = {isa = PBXFileReference; lastKnownFileType = file.storyboard; name = Base; path = Base.lproj/Movies.storyboard; sourceTree = "<group>"; };
		84D1F32024B16F1400D51359 /* Assets.xcassets */ = {isa = PBXFileReference; lastKnownFileType = folder.assetcatalog; path = Assets.xcassets; sourceTree = "<group>"; };
		84D1F32324B16F1400D51359 /* Base */ = {isa = PBXFileReference; lastKnownFileType = file.storyboard; name = Base; path = Base.lproj/LaunchScreen.storyboard; sourceTree = "<group>"; };
		84D1F32524B16F1400D51359 /* Info.plist */ = {isa = PBXFileReference; lastKnownFileType = text.plist.xml; path = Info.plist; sourceTree = "<group>"; };
		84D1F32A24B16F1400D51359 /* ADecadeOfMoviesTests.xctest */ = {isa = PBXFileReference; explicitFileType = wrapper.cfbundle; includeInIndex = 0; path = ADecadeOfMoviesTests.xctest; sourceTree = BUILT_PRODUCTS_DIR; };
		84D1F32E24B16F1400D51359 /* ADecadeOfMoviesTests.swift */ = {isa = PBXFileReference; lastKnownFileType = sourcecode.swift; path = ADecadeOfMoviesTests.swift; sourceTree = "<group>"; };
		84D1F33024B16F1400D51359 /* Info.plist */ = {isa = PBXFileReference; lastKnownFileType = text.plist.xml; path = Info.plist; sourceTree = "<group>"; };
		84D1F34124B1BF4D00D51359 /* Movie.swift */ = {isa = PBXFileReference; lastKnownFileType = sourcecode.swift; path = Movie.swift; sourceTree = "<group>"; };
		84D1F34524B1BF7F00D51359 /* movies.json */ = {isa = PBXFileReference; fileEncoding = 4; lastKnownFileType = text.json; path = movies.json; sourceTree = "<group>"; };
		84D1F34824B1BFF900D51359 /* MoviesViewModel.swift */ = {isa = PBXFileReference; lastKnownFileType = sourcecode.swift; path = MoviesViewModel.swift; sourceTree = "<group>"; };
		84D1F34C24B1C75300D51359 /* MoviesResponse.swift */ = {isa = PBXFileReference; lastKnownFileType = sourcecode.swift; path = MoviesResponse.swift; sourceTree = "<group>"; };
		84E7E12624B1CE070054FAC7 /* SF-Pro-Display-Heavy.otf */ = {isa = PBXFileReference; lastKnownFileType = file; path = "SF-Pro-Display-Heavy.otf"; sourceTree = "<group>"; };
		84E7E12724B1CE070054FAC7 /* SF-Pro-Text-Bold.otf */ = {isa = PBXFileReference; lastKnownFileType = file; path = "SF-Pro-Text-Bold.otf"; sourceTree = "<group>"; };
		84E7E12824B1CE070054FAC7 /* SF-Pro-Text-Medium.otf */ = {isa = PBXFileReference; lastKnownFileType = file; path = "SF-Pro-Text-Medium.otf"; sourceTree = "<group>"; };
		84E7E12924B1CE070054FAC7 /* SF-Pro-Display-ThinItalic.otf */ = {isa = PBXFileReference; lastKnownFileType = file; path = "SF-Pro-Display-ThinItalic.otf"; sourceTree = "<group>"; };
		84E7E12A24B1CE070054FAC7 /* SF-Pro-Display-Semibold.otf */ = {isa = PBXFileReference; lastKnownFileType = file; path = "SF-Pro-Display-Semibold.otf"; sourceTree = "<group>"; };
		84E7E12B24B1CE070054FAC7 /* SF-Pro-Display-UltralightItalic.otf */ = {isa = PBXFileReference; lastKnownFileType = file; path = "SF-Pro-Display-UltralightItalic.otf"; sourceTree = "<group>"; };
		84E7E12C24B1CE070054FAC7 /* SF-Pro-Display-LightItalic.otf */ = {isa = PBXFileReference; lastKnownFileType = file; path = "SF-Pro-Display-LightItalic.otf"; sourceTree = "<group>"; };
		84E7E12D24B1CE070054FAC7 /* SF-Pro-Text-Heavy.otf */ = {isa = PBXFileReference; lastKnownFileType = file; path = "SF-Pro-Text-Heavy.otf"; sourceTree = "<group>"; };
		84E7E12E24B1CE070054FAC7 /* SF-Pro-Text-RegularItalic.otf */ = {isa = PBXFileReference; lastKnownFileType = file; path = "SF-Pro-Text-RegularItalic.otf"; sourceTree = "<group>"; };
		84E7E12F24B1CE070054FAC7 /* SF-Pro-Display-Black.otf */ = {isa = PBXFileReference; lastKnownFileType = file; path = "SF-Pro-Display-Black.otf"; sourceTree = "<group>"; };
		84E7E13024B1CE070054FAC7 /* SF-Pro-Display-Regular.otf */ = {isa = PBXFileReference; lastKnownFileType = file; path = "SF-Pro-Display-Regular.otf"; sourceTree = "<group>"; };
		84E7E13124B1CE080054FAC7 /* SF-Pro-Text-Light.otf */ = {isa = PBXFileReference; lastKnownFileType = file; path = "SF-Pro-Text-Light.otf"; sourceTree = "<group>"; };
		84E7E13224B1CE080054FAC7 /* SF-Pro-Display-Medium.otf */ = {isa = PBXFileReference; lastKnownFileType = file; path = "SF-Pro-Display-Medium.otf"; sourceTree = "<group>"; };
		84E7E13324B1CE080054FAC7 /* SF-Pro-Text-SemiboldItalic.otf */ = {isa = PBXFileReference; lastKnownFileType = file; path = "SF-Pro-Text-SemiboldItalic.otf"; sourceTree = "<group>"; };
		84E7E13424B1CE080054FAC7 /* SF-Pro-Display-Bold.otf */ = {isa = PBXFileReference; lastKnownFileType = file; path = "SF-Pro-Display-Bold.otf"; sourceTree = "<group>"; };
		84E7E13524B1CE080054FAC7 /* SF-Pro-Display-Ultralight.otf */ = {isa = PBXFileReference; lastKnownFileType = file; path = "SF-Pro-Display-Ultralight.otf"; sourceTree = "<group>"; };
		84E7E13624B1CE080054FAC7 /* SF-Pro-Text-Regular.otf */ = {isa = PBXFileReference; lastKnownFileType = file; path = "SF-Pro-Text-Regular.otf"; sourceTree = "<group>"; };
		84E7E13724B1CE080054FAC7 /* SF-Pro-Display-BoldItalic.otf */ = {isa = PBXFileReference; lastKnownFileType = file; path = "SF-Pro-Display-BoldItalic.otf"; sourceTree = "<group>"; };
		84E7E13824B1CE090054FAC7 /* SF-Pro-Text-Semibold.otf */ = {isa = PBXFileReference; lastKnownFileType = file; path = "SF-Pro-Text-Semibold.otf"; sourceTree = "<group>"; };
		84E7E13924B1CE090054FAC7 /* SF-Pro-Display-HeavyItalic.otf */ = {isa = PBXFileReference; lastKnownFileType = file; path = "SF-Pro-Display-HeavyItalic.otf"; sourceTree = "<group>"; };
		84E7E13A24B1CE090054FAC7 /* SF-Pro-Text-BoldItalic.otf */ = {isa = PBXFileReference; lastKnownFileType = file; path = "SF-Pro-Text-BoldItalic.otf"; sourceTree = "<group>"; };
		84E7E13B24B1CE090054FAC7 /* SF-Pro-Text-MediumItalic.otf */ = {isa = PBXFileReference; lastKnownFileType = file; path = "SF-Pro-Text-MediumItalic.otf"; sourceTree = "<group>"; };
		84E7E13C24B1CE090054FAC7 /* SF-Pro-Display-MediumItalic.otf */ = {isa = PBXFileReference; lastKnownFileType = file; path = "SF-Pro-Display-MediumItalic.otf"; sourceTree = "<group>"; };
		84E7E13D24B1CE090054FAC7 /* SF-Pro-Display-BlackItalic.otf */ = {isa = PBXFileReference; lastKnownFileType = file; path = "SF-Pro-Display-BlackItalic.otf"; sourceTree = "<group>"; };
		84E7E13E24B1CE090054FAC7 /* SF-Pro-Text-LightItalic.otf */ = {isa = PBXFileReference; lastKnownFileType = file; path = "SF-Pro-Text-LightItalic.otf"; sourceTree = "<group>"; };
		84E7E13F24B1CE0A0054FAC7 /* SF-Pro-Display-SemiboldItalic.otf */ = {isa = PBXFileReference; lastKnownFileType = file; path = "SF-Pro-Display-SemiboldItalic.otf"; sourceTree = "<group>"; };
		84E7E14024B1CE0A0054FAC7 /* SF-Pro-Display-Light.otf */ = {isa = PBXFileReference; lastKnownFileType = file; path = "SF-Pro-Display-Light.otf"; sourceTree = "<group>"; };
		84E7E14124B1CE0A0054FAC7 /* SF-Pro-Text-HeavyItalic.otf */ = {isa = PBXFileReference; lastKnownFileType = file; path = "SF-Pro-Text-HeavyItalic.otf"; sourceTree = "<group>"; };
		84E7E14224B1CE0A0054FAC7 /* SF-Pro-Display-RegularItalic.otf */ = {isa = PBXFileReference; lastKnownFileType = file; path = "SF-Pro-Display-RegularItalic.otf"; sourceTree = "<group>"; };
		84E7E14324B1CE0A0054FAC7 /* SF-Pro-Display-Thin.otf */ = {isa = PBXFileReference; lastKnownFileType = file; path = "SF-Pro-Display-Thin.otf"; sourceTree = "<group>"; };
		84E7E18024B1CE340054FAC7 /* UIFontExtension.swift */ = {isa = PBXFileReference; lastKnownFileType = sourcecode.swift; path = UIFontExtension.swift; sourceTree = "<group>"; };
		870F69E7CF206A46476D1D89 /* Pods-ADecadeOfMovies.debug.xcconfig */ = {isa = PBXFileReference; includeInIndex = 1; lastKnownFileType = text.xcconfig; name = "Pods-ADecadeOfMovies.debug.xcconfig"; path = "Target Support Files/Pods-ADecadeOfMovies/Pods-ADecadeOfMovies.debug.xcconfig"; sourceTree = "<group>"; };
		D7F047FAD01C1EE83BE093AD /* Pods-ADecadeOfMoviesTests.debug.xcconfig */ = {isa = PBXFileReference; includeInIndex = 1; lastKnownFileType = text.xcconfig; name = "Pods-ADecadeOfMoviesTests.debug.xcconfig"; path = "Target Support Files/Pods-ADecadeOfMoviesTests/Pods-ADecadeOfMoviesTests.debug.xcconfig"; sourceTree = "<group>"; };
/* End PBXFileReference section */

/* Begin PBXFrameworksBuildPhase section */
		84D1F30F24B16F1200D51359 /* Frameworks */ = {
			isa = PBXFrameworksBuildPhase;
			buildActionMask = 2147483647;
			files = (
				DE2A68738EF4040312C54C77 /* Pods_ADecadeOfMovies.framework in Frameworks */,
			);
			runOnlyForDeploymentPostprocessing = 0;
		};
		84D1F32724B16F1400D51359 /* Frameworks */ = {
			isa = PBXFrameworksBuildPhase;
			buildActionMask = 2147483647;
			files = (
				B7DEFA9928661358DC49FC11 /* Pods_ADecadeOfMoviesTests.framework in Frameworks */,
			);
			runOnlyForDeploymentPostprocessing = 0;
		};
/* End PBXFrameworksBuildPhase section */

/* Begin PBXGroup section */
		217E55E633EB12DD98F6D75C /* Pods */ = {
			isa = PBXGroup;
			children = (
				870F69E7CF206A46476D1D89 /* Pods-ADecadeOfMovies.debug.xcconfig */,
				01C285EBCA37F8FF970C3DE9 /* Pods-ADecadeOfMovies.release.xcconfig */,
				D7F047FAD01C1EE83BE093AD /* Pods-ADecadeOfMoviesTests.debug.xcconfig */,
				4F66641EC578AD786DB2FB00 /* Pods-ADecadeOfMoviesTests.release.xcconfig */,
			);
			path = Pods;
			sourceTree = "<group>";
		};
		84D1F30924B16F1200D51359 = {
			isa = PBXGroup;
			children = (
				84D1F31424B16F1200D51359 /* ADecadeOfMovies */,
				84D1F32D24B16F1400D51359 /* ADecadeOfMoviesTests */,
				84D1F31324B16F1200D51359 /* Products */,
				217E55E633EB12DD98F6D75C /* Pods */,
				B8851D2E3CA76876092D3FC2 /* Frameworks */,
			);
			sourceTree = "<group>";
		};
		84D1F31324B16F1200D51359 /* Products */ = {
			isa = PBXGroup;
			children = (
				84D1F31224B16F1200D51359 /* ADecadeOfMovies.app */,
				84D1F32A24B16F1400D51359 /* ADecadeOfMoviesTests.xctest */,
			);
			name = Products;
			sourceTree = "<group>";
		};
		84D1F31424B16F1200D51359 /* ADecadeOfMovies */ = {
			isa = PBXGroup;
			children = (
				84D1F31524B16F1200D51359 /* AppDelegate.swift */,
				84D1F31724B16F1200D51359 /* SceneDelegate.swift */,
				84D1F33924B18A3800D51359 /* Modules */,
				84D1F34B24B1C05400D51359 /* Helpers */,
				84D1F34424B1BF6300D51359 /* Local Files */,
				84D1F34024B18A9700D51359 /* Assets */,
			);
			path = ADecadeOfMovies;
			sourceTree = "<group>";
		};
		84D1F32D24B16F1400D51359 /* ADecadeOfMoviesTests */ = {
			isa = PBXGroup;
			children = (
				84D1F32E24B16F1400D51359 /* ADecadeOfMoviesTests.swift */,
				84D1F33024B16F1400D51359 /* Info.plist */,
			);
			path = ADecadeOfMoviesTests;
			sourceTree = "<group>";
		};
		84D1F33924B18A3800D51359 /* Modules */ = {
			isa = PBXGroup;
			children = (
				84D1F33A24B18A4D00D51359 /* Movies */,
			);
			path = Modules;
			sourceTree = "<group>";
		};
		84D1F33A24B18A4D00D51359 /* Movies */ = {
			isa = PBXGroup;
			children = (
				84D1F33B24B18A5700D51359 /* Data Access */,
				84D1F33D24B18A6900D51359 /* View Models */,
				84D1F33E24B18A7100D51359 /* Controllers */,
				84D1F33F24B18A7800D51359 /* UI */,
			);
			path = Movies;
			sourceTree = "<group>";
		};
		84D1F33B24B18A5700D51359 /* Data Access */ = {
			isa = PBXGroup;
			children = (
				84D1F33C24B18A6400D51359 /* Models */,
			);
			path = "Data Access";
			sourceTree = "<group>";
		};
		84D1F33C24B18A6400D51359 /* Models */ = {
			isa = PBXGroup;
			children = (
				84D1F34C24B1C75300D51359 /* MoviesResponse.swift */,
				84D1F34124B1BF4D00D51359 /* Movie.swift */,
			);
			path = Models;
			sourceTree = "<group>";
		};
		84D1F33D24B18A6900D51359 /* View Models */ = {
			isa = PBXGroup;
			children = (
				84D1F34824B1BFF900D51359 /* MoviesViewModel.swift */,
			);
			path = "View Models";
			sourceTree = "<group>";
		};
		84D1F33E24B18A7100D51359 /* Controllers */ = {
			isa = PBXGroup;
			children = (
				84D1F31924B16F1200D51359 /* MoviesMasterViewController.swift */,
				84D1F31B24B16F1200D51359 /* MovieDetailViewController.swift */,
			);
			path = Controllers;
			sourceTree = "<group>";
		};
		84D1F33F24B18A7800D51359 /* UI */ = {
			isa = PBXGroup;
			children = (
				84D1F31D24B16F1200D51359 /* Movies.storyboard */,
			);
			path = UI;
			sourceTree = "<group>";
		};
		84D1F34024B18A9700D51359 /* Assets */ = {
			isa = PBXGroup;
			children = (
				84E7E12524B1CDD80054FAC7 /* Fonts */,
				84D1F32024B16F1400D51359 /* Assets.xcassets */,
				84D1F32224B16F1400D51359 /* LaunchScreen.storyboard */,
				84D1F32524B16F1400D51359 /* Info.plist */,
			);
			name = Assets;
			sourceTree = "<group>";
		};
		84D1F34424B1BF6300D51359 /* Local Files */ = {
			isa = PBXGroup;
			children = (
				84D1F34524B1BF7F00D51359 /* movies.json */,
			);
			path = "Local Files";
			sourceTree = "<group>";
		};
		84D1F34B24B1C05400D51359 /* Helpers */ = {
			isa = PBXGroup;
			children = (
				84E7E18324B1CE3F0054FAC7 /* Extensions */,
			);
			path = Helpers;
			sourceTree = "<group>";
		};
		84E7E12524B1CDD80054FAC7 /* Fonts */ = {
			isa = PBXGroup;
			children = (
				84E7E12F24B1CE070054FAC7 /* SF-Pro-Display-Black.otf */,
				84E7E13D24B1CE090054FAC7 /* SF-Pro-Display-BlackItalic.otf */,
				84E7E13424B1CE080054FAC7 /* SF-Pro-Display-Bold.otf */,
				84E7E13724B1CE080054FAC7 /* SF-Pro-Display-BoldItalic.otf */,
				84E7E12624B1CE070054FAC7 /* SF-Pro-Display-Heavy.otf */,
				84E7E13924B1CE090054FAC7 /* SF-Pro-Display-HeavyItalic.otf */,
				84E7E14024B1CE0A0054FAC7 /* SF-Pro-Display-Light.otf */,
				84E7E12C24B1CE070054FAC7 /* SF-Pro-Display-LightItalic.otf */,
				84E7E13224B1CE080054FAC7 /* SF-Pro-Display-Medium.otf */,
				84E7E13C24B1CE090054FAC7 /* SF-Pro-Display-MediumItalic.otf */,
				84E7E13024B1CE070054FAC7 /* SF-Pro-Display-Regular.otf */,
				84E7E14224B1CE0A0054FAC7 /* SF-Pro-Display-RegularItalic.otf */,
				84E7E12A24B1CE070054FAC7 /* SF-Pro-Display-Semibold.otf */,
				84E7E13F24B1CE0A0054FAC7 /* SF-Pro-Display-SemiboldItalic.otf */,
				84E7E14324B1CE0A0054FAC7 /* SF-Pro-Display-Thin.otf */,
				84E7E12924B1CE070054FAC7 /* SF-Pro-Display-ThinItalic.otf */,
				84E7E13524B1CE080054FAC7 /* SF-Pro-Display-Ultralight.otf */,
				84E7E12B24B1CE070054FAC7 /* SF-Pro-Display-UltralightItalic.otf */,
				84E7E12724B1CE070054FAC7 /* SF-Pro-Text-Bold.otf */,
				84E7E13A24B1CE090054FAC7 /* SF-Pro-Text-BoldItalic.otf */,
				84E7E12D24B1CE070054FAC7 /* SF-Pro-Text-Heavy.otf */,
				84E7E14124B1CE0A0054FAC7 /* SF-Pro-Text-HeavyItalic.otf */,
				84E7E13124B1CE080054FAC7 /* SF-Pro-Text-Light.otf */,
				84E7E13E24B1CE090054FAC7 /* SF-Pro-Text-LightItalic.otf */,
				84E7E12824B1CE070054FAC7 /* SF-Pro-Text-Medium.otf */,
				84E7E13B24B1CE090054FAC7 /* SF-Pro-Text-MediumItalic.otf */,
				84E7E13624B1CE080054FAC7 /* SF-Pro-Text-Regular.otf */,
				84E7E12E24B1CE070054FAC7 /* SF-Pro-Text-RegularItalic.otf */,
				84E7E13824B1CE090054FAC7 /* SF-Pro-Text-Semibold.otf */,
				84E7E13324B1CE080054FAC7 /* SF-Pro-Text-SemiboldItalic.otf */,
			);
			path = Fonts;
			sourceTree = "<group>";
		};
		84E7E18324B1CE3F0054FAC7 /* Extensions */ = {
			isa = PBXGroup;
			children = (
				84E7E18024B1CE340054FAC7 /* UIFontExtension.swift */,
				843E322E24B1D9BD00A33185 /* UISearchBarExtensions.swift */,
			);
			path = Extensions;
			sourceTree = "<group>";
		};
		B8851D2E3CA76876092D3FC2 /* Frameworks */ = {
			isa = PBXGroup;
			children = (
				18CB8F8DE95146E99876DE19 /* Pods_ADecadeOfMovies.framework */,
				5B4467E03641F20B084E485F /* Pods_ADecadeOfMoviesTests.framework */,
			);
			name = Frameworks;
			sourceTree = "<group>";
		};
/* End PBXGroup section */

/* Begin PBXNativeTarget section */
		84D1F31124B16F1200D51359 /* ADecadeOfMovies */ = {
			isa = PBXNativeTarget;
			buildConfigurationList = 84D1F33324B16F1400D51359 /* Build configuration list for PBXNativeTarget "ADecadeOfMovies" */;
			buildPhases = (
				6A2F65F01C3806F28F599A02 /* [CP] Check Pods Manifest.lock */,
				84D1F30E24B16F1200D51359 /* Sources */,
				84D1F30F24B16F1200D51359 /* Frameworks */,
				84D1F31024B16F1200D51359 /* Resources */,
				5D19A6117CE3EB870D16E475 /* [CP] Embed Pods Frameworks */,
			);
			buildRules = (
			);
			dependencies = (
			);
			name = ADecadeOfMovies;
			productName = ADecadeOfMovies;
			productReference = 84D1F31224B16F1200D51359 /* ADecadeOfMovies.app */;
			productType = "com.apple.product-type.application";
		};
		84D1F32924B16F1400D51359 /* ADecadeOfMoviesTests */ = {
			isa = PBXNativeTarget;
			buildConfigurationList = 84D1F33624B16F1400D51359 /* Build configuration list for PBXNativeTarget "ADecadeOfMoviesTests" */;
			buildPhases = (
				D848CE29072607B660491161 /* [CP] Check Pods Manifest.lock */,
				84D1F32624B16F1400D51359 /* Sources */,
				84D1F32724B16F1400D51359 /* Frameworks */,
				84D1F32824B16F1400D51359 /* Resources */,
			);
			buildRules = (
			);
			dependencies = (
				84D1F32C24B16F1400D51359 /* PBXTargetDependency */,
			);
			name = ADecadeOfMoviesTests;
			productName = ADecadeOfMoviesTests;
			productReference = 84D1F32A24B16F1400D51359 /* ADecadeOfMoviesTests.xctest */;
			productType = "com.apple.product-type.bundle.unit-test";
		};
/* End PBXNativeTarget section */

/* Begin PBXProject section */
		84D1F30A24B16F1200D51359 /* Project object */ = {
			isa = PBXProject;
			attributes = {
				LastSwiftUpdateCheck = 1150;
				LastUpgradeCheck = 1150;
				ORGANIZATIONNAME = "Mohammad Shaker";
				TargetAttributes = {
					84D1F31124B16F1200D51359 = {
						CreatedOnToolsVersion = 11.5;
					};
					84D1F32924B16F1400D51359 = {
						CreatedOnToolsVersion = 11.5;
						TestTargetID = 84D1F31124B16F1200D51359;
					};
				};
			};
			buildConfigurationList = 84D1F30D24B16F1200D51359 /* Build configuration list for PBXProject "ADecadeOfMovies" */;
			compatibilityVersion = "Xcode 9.3";
			developmentRegion = en;
			hasScannedForEncodings = 0;
			knownRegions = (
				en,
				Base,
			);
			mainGroup = 84D1F30924B16F1200D51359;
			productRefGroup = 84D1F31324B16F1200D51359 /* Products */;
			projectDirPath = "";
			projectRoot = "";
			targets = (
				84D1F31124B16F1200D51359 /* ADecadeOfMovies */,
				84D1F32924B16F1400D51359 /* ADecadeOfMoviesTests */,
			);
		};
/* End PBXProject section */

/* Begin PBXResourcesBuildPhase section */
		84D1F31024B16F1200D51359 /* Resources */ = {
			isa = PBXResourcesBuildPhase;
			buildActionMask = 2147483647;
			files = (
				84D1F32424B16F1400D51359 /* LaunchScreen.storyboard in Resources */,
				84E7E14424B1CE0A0054FAC7 /* SF-Pro-Display-Heavy.otf in Resources */,
				84E7E15424B1CE0A0054FAC7 /* SF-Pro-Text-RegularItalic.otf in Resources */,
				84E7E16C24B1CE0A0054FAC7 /* SF-Pro-Text-BoldItalic.otf in Resources */,
				84E7E17024B1CE0A0054FAC7 /* SF-Pro-Display-MediumItalic.otf in Resources */,
				84E7E14624B1CE0A0054FAC7 /* SF-Pro-Text-Bold.otf in Resources */,
				84D1F32124B16F1400D51359 /* Assets.xcassets in Resources */,
				84E7E16024B1CE0A0054FAC7 /* SF-Pro-Display-Bold.otf in Resources */,
				84E7E17C24B1CE0A0054FAC7 /* SF-Pro-Display-RegularItalic.otf in Resources */,
				84E7E16424B1CE0A0054FAC7 /* SF-Pro-Text-Regular.otf in Resources */,
				84E7E16A24B1CE0A0054FAC7 /* SF-Pro-Display-HeavyItalic.otf in Resources */,
				84E7E14A24B1CE0A0054FAC7 /* SF-Pro-Display-ThinItalic.otf in Resources */,
				84E7E16224B1CE0A0054FAC7 /* SF-Pro-Display-Ultralight.otf in Resources */,
				84D1F34624B1BF7F00D51359 /* movies.json in Resources */,
				84E7E15624B1CE0A0054FAC7 /* SF-Pro-Display-Black.otf in Resources */,
				84E7E17624B1CE0A0054FAC7 /* SF-Pro-Display-SemiboldItalic.otf in Resources */,
				84E7E14C24B1CE0A0054FAC7 /* SF-Pro-Display-Semibold.otf in Resources */,
				84E7E16E24B1CE0A0054FAC7 /* SF-Pro-Text-MediumItalic.otf in Resources */,
				84E7E15224B1CE0A0054FAC7 /* SF-Pro-Text-Heavy.otf in Resources */,
				84E7E15E24B1CE0A0054FAC7 /* SF-Pro-Text-SemiboldItalic.otf in Resources */,
				84E7E15A24B1CE0A0054FAC7 /* SF-Pro-Text-Light.otf in Resources */,
				84E7E14824B1CE0A0054FAC7 /* SF-Pro-Text-Medium.otf in Resources */,
				84E7E15024B1CE0A0054FAC7 /* SF-Pro-Display-LightItalic.otf in Resources */,
				84D1F31F24B16F1200D51359 /* Movies.storyboard in Resources */,
				84E7E16624B1CE0A0054FAC7 /* SF-Pro-Display-BoldItalic.otf in Resources */,
				84E7E17224B1CE0A0054FAC7 /* SF-Pro-Display-BlackItalic.otf in Resources */,
				84E7E15824B1CE0A0054FAC7 /* SF-Pro-Display-Regular.otf in Resources */,
				84E7E17424B1CE0A0054FAC7 /* SF-Pro-Text-LightItalic.otf in Resources */,
				84E7E17A24B1CE0A0054FAC7 /* SF-Pro-Text-HeavyItalic.otf in Resources */,
				84E7E17824B1CE0A0054FAC7 /* SF-Pro-Display-Light.otf in Resources */,
				84E7E14E24B1CE0A0054FAC7 /* SF-Pro-Display-UltralightItalic.otf in Resources */,
				84E7E15C24B1CE0A0054FAC7 /* SF-Pro-Display-Medium.otf in Resources */,
				84E7E17E24B1CE0A0054FAC7 /* SF-Pro-Display-Thin.otf in Resources */,
				84E7E16824B1CE0A0054FAC7 /* SF-Pro-Text-Semibold.otf in Resources */,
			);
			runOnlyForDeploymentPostprocessing = 0;
		};
		84D1F32824B16F1400D51359 /* Resources */ = {
			isa = PBXResourcesBuildPhase;
			buildActionMask = 2147483647;
			files = (
				84E7E14F24B1CE0A0054FAC7 /* SF-Pro-Display-UltralightItalic.otf in Resources */,
				84E7E14D24B1CE0A0054FAC7 /* SF-Pro-Display-Semibold.otf in Resources */,
				84E7E16F24B1CE0A0054FAC7 /* SF-Pro-Text-MediumItalic.otf in Resources */,
				84E7E15524B1CE0A0054FAC7 /* SF-Pro-Text-RegularItalic.otf in Resources */,
				84E7E17F24B1CE0A0054FAC7 /* SF-Pro-Display-Thin.otf in Resources */,
				84E7E17124B1CE0A0054FAC7 /* SF-Pro-Display-MediumItalic.otf in Resources */,
				84E7E15124B1CE0A0054FAC7 /* SF-Pro-Display-LightItalic.otf in Resources */,
				84E7E15F24B1CE0A0054FAC7 /* SF-Pro-Text-SemiboldItalic.otf in Resources */,
				84E7E15724B1CE0A0054FAC7 /* SF-Pro-Display-Black.otf in Resources */,
				84E7E17D24B1CE0A0054FAC7 /* SF-Pro-Display-RegularItalic.otf in Resources */,
				84E7E16524B1CE0A0054FAC7 /* SF-Pro-Text-Regular.otf in Resources */,
				84E7E16324B1CE0A0054FAC7 /* SF-Pro-Display-Ultralight.otf in Resources */,
				84E7E16124B1CE0A0054FAC7 /* SF-Pro-Display-Bold.otf in Resources */,
				84E7E14924B1CE0A0054FAC7 /* SF-Pro-Text-Medium.otf in Resources */,
				84E7E15D24B1CE0A0054FAC7 /* SF-Pro-Display-Medium.otf in Resources */,
				84E7E15324B1CE0A0054FAC7 /* SF-Pro-Text-Heavy.otf in Resources */,
				84E7E17924B1CE0A0054FAC7 /* SF-Pro-Display-Light.otf in Resources */,
				84E7E16924B1CE0A0054FAC7 /* SF-Pro-Text-Semibold.otf in Resources */,
				84E7E17324B1CE0A0054FAC7 /* SF-Pro-Display-BlackItalic.otf in Resources */,
				84D1F34724B1BF7F00D51359 /* movies.json in Resources */,
				84E7E14524B1CE0A0054FAC7 /* SF-Pro-Display-Heavy.otf in Resources */,
				84E7E16724B1CE0A0054FAC7 /* SF-Pro-Display-BoldItalic.otf in Resources */,
				84E7E16D24B1CE0A0054FAC7 /* SF-Pro-Text-BoldItalic.otf in Resources */,
				84E7E16B24B1CE0A0054FAC7 /* SF-Pro-Display-HeavyItalic.otf in Resources */,
				84E7E14B24B1CE0A0054FAC7 /* SF-Pro-Display-ThinItalic.otf in Resources */,
				84E7E17524B1CE0A0054FAC7 /* SF-Pro-Text-LightItalic.otf in Resources */,
				84E7E17724B1CE0A0054FAC7 /* SF-Pro-Display-SemiboldItalic.otf in Resources */,
				84E7E17B24B1CE0A0054FAC7 /* SF-Pro-Text-HeavyItalic.otf in Resources */,
				84E7E15924B1CE0A0054FAC7 /* SF-Pro-Display-Regular.otf in Resources */,
				84E7E14724B1CE0A0054FAC7 /* SF-Pro-Text-Bold.otf in Resources */,
				84E7E15B24B1CE0A0054FAC7 /* SF-Pro-Text-Light.otf in Resources */,
			);
			runOnlyForDeploymentPostprocessing = 0;
		};
/* End PBXResourcesBuildPhase section */

/* Begin PBXShellScriptBuildPhase section */
		5D19A6117CE3EB870D16E475 /* [CP] Embed Pods Frameworks */ = {
			isa = PBXShellScriptBuildPhase;
			buildActionMask = 2147483647;
			files = (
			);
			inputFileListPaths = (
				"${PODS_ROOT}/Target Support Files/Pods-ADecadeOfMovies/Pods-ADecadeOfMovies-frameworks-${CONFIGURATION}-input-files.xcfilelist",
			);
			name = "[CP] Embed Pods Frameworks";
			outputFileListPaths = (
				"${PODS_ROOT}/Target Support Files/Pods-ADecadeOfMovies/Pods-ADecadeOfMovies-frameworks-${CONFIGURATION}-output-files.xcfilelist",
			);
			runOnlyForDeploymentPostprocessing = 0;
			shellPath = /bin/sh;
			shellScript = "\"${PODS_ROOT}/Target Support Files/Pods-ADecadeOfMovies/Pods-ADecadeOfMovies-frameworks.sh\"\n";
			showEnvVarsInLog = 0;
		};
		6A2F65F01C3806F28F599A02 /* [CP] Check Pods Manifest.lock */ = {
			isa = PBXShellScriptBuildPhase;
			buildActionMask = 2147483647;
			files = (
			);
			inputFileListPaths = (
			);
			inputPaths = (
				"${PODS_PODFILE_DIR_PATH}/Podfile.lock",
				"${PODS_ROOT}/Manifest.lock",
			);
			name = "[CP] Check Pods Manifest.lock";
			outputFileListPaths = (
			);
			outputPaths = (
				"$(DERIVED_FILE_DIR)/Pods-ADecadeOfMovies-checkManifestLockResult.txt",
			);
			runOnlyForDeploymentPostprocessing = 0;
			shellPath = /bin/sh;
			shellScript = "diff \"${PODS_PODFILE_DIR_PATH}/Podfile.lock\" \"${PODS_ROOT}/Manifest.lock\" > /dev/null\nif [ $? != 0 ] ; then\n    # print error to STDERR\n    echo \"error: The sandbox is not in sync with the Podfile.lock. Run 'pod install' or update your CocoaPods installation.\" >&2\n    exit 1\nfi\n# This output is used by Xcode 'outputs' to avoid re-running this script phase.\necho \"SUCCESS\" > \"${SCRIPT_OUTPUT_FILE_0}\"\n";
			showEnvVarsInLog = 0;
		};
		D848CE29072607B660491161 /* [CP] Check Pods Manifest.lock */ = {
			isa = PBXShellScriptBuildPhase;
			buildActionMask = 2147483647;
			files = (
			);
			inputFileListPaths = (
			);
			inputPaths = (
				"${PODS_PODFILE_DIR_PATH}/Podfile.lock",
				"${PODS_ROOT}/Manifest.lock",
			);
			name = "[CP] Check Pods Manifest.lock";
			outputFileListPaths = (
			);
			outputPaths = (
				"$(DERIVED_FILE_DIR)/Pods-ADecadeOfMoviesTests-checkManifestLockResult.txt",
			);
			runOnlyForDeploymentPostprocessing = 0;
			shellPath = /bin/sh;
			shellScript = "diff \"${PODS_PODFILE_DIR_PATH}/Podfile.lock\" \"${PODS_ROOT}/Manifest.lock\" > /dev/null\nif [ $? != 0 ] ; then\n    # print error to STDERR\n    echo \"error: The sandbox is not in sync with the Podfile.lock. Run 'pod install' or update your CocoaPods installation.\" >&2\n    exit 1\nfi\n# This output is used by Xcode 'outputs' to avoid re-running this script phase.\necho \"SUCCESS\" > \"${SCRIPT_OUTPUT_FILE_0}\"\n";
			showEnvVarsInLog = 0;
		};
/* End PBXShellScriptBuildPhase section */

/* Begin PBXSourcesBuildPhase section */
		84D1F30E24B16F1200D51359 /* Sources */ = {
			isa = PBXSourcesBuildPhase;
			buildActionMask = 2147483647;
			files = (
				84D1F31624B16F1200D51359 /* AppDelegate.swift in Sources */,
				843E322F24B1D9BD00A33185 /* UISearchBarExtensions.swift in Sources */,
				84D1F34924B1BFF900D51359 /* MoviesViewModel.swift in Sources */,
				84E7E18124B1CE340054FAC7 /* UIFontExtension.swift in Sources */,
				84D1F31824B16F1200D51359 /* SceneDelegate.swift in Sources */,
				84D1F34D24B1C75300D51359 /* MoviesResponse.swift in Sources */,
				84D1F31A24B16F1200D51359 /* MoviesMasterViewController.swift in Sources */,
				84D1F31C24B16F1200D51359 /* MovieDetailViewController.swift in Sources */,
				84D1F34224B1BF4D00D51359 /* Movie.swift in Sources */,
			);
			runOnlyForDeploymentPostprocessing = 0;
		};
		84D1F32624B16F1400D51359 /* Sources */ = {
			isa = PBXSourcesBuildPhase;
			buildActionMask = 2147483647;
			files = (
				84D1F34324B1BF4D00D51359 /* Movie.swift in Sources */,
				84E7E18224B1CE340054FAC7 /* UIFontExtension.swift in Sources */,
				84D1F34E24B1C75300D51359 /* MoviesResponse.swift in Sources */,
				84D1F34A24B1BFF900D51359 /* MoviesViewModel.swift in Sources */,
				84D1F32F24B16F1400D51359 /* ADecadeOfMoviesTests.swift in Sources */,
			);
			runOnlyForDeploymentPostprocessing = 0;
		};
/* End PBXSourcesBuildPhase section */

/* Begin PBXTargetDependency section */
		84D1F32C24B16F1400D51359 /* PBXTargetDependency */ = {
			isa = PBXTargetDependency;
			target = 84D1F31124B16F1200D51359 /* ADecadeOfMovies */;
			targetProxy = 84D1F32B24B16F1400D51359 /* PBXContainerItemProxy */;
		};
/* End PBXTargetDependency section */

/* Begin PBXVariantGroup section */
		84D1F31D24B16F1200D51359 /* Movies.storyboard */ = {
			isa = PBXVariantGroup;
			children = (
				84D1F31E24B16F1200D51359 /* Base */,
			);
			name = Movies.storyboard;
			sourceTree = "<group>";
		};
		84D1F32224B16F1400D51359 /* LaunchScreen.storyboard */ = {
			isa = PBXVariantGroup;
			children = (
				84D1F32324B16F1400D51359 /* Base */,
			);
			name = LaunchScreen.storyboard;
			sourceTree = "<group>";
		};
/* End PBXVariantGroup section */

/* Begin XCBuildConfiguration section */
		84D1F33124B16F1400D51359 /* Debug */ = {
			isa = XCBuildConfiguration;
			buildSettings = {
				ALWAYS_SEARCH_USER_PATHS = NO;
				CLANG_ANALYZER_NONNULL = YES;
				CLANG_ANALYZER_NUMBER_OBJECT_CONVERSION = YES_AGGRESSIVE;
				CLANG_CXX_LANGUAGE_STANDARD = "gnu++14";
				CLANG_CXX_LIBRARY = "libc++";
				CLANG_ENABLE_MODULES = YES;
				CLANG_ENABLE_OBJC_ARC = YES;
				CLANG_ENABLE_OBJC_WEAK = YES;
				CLANG_WARN_BLOCK_CAPTURE_AUTORELEASING = YES;
				CLANG_WARN_BOOL_CONVERSION = YES;
				CLANG_WARN_COMMA = YES;
				CLANG_WARN_CONSTANT_CONVERSION = YES;
				CLANG_WARN_DEPRECATED_OBJC_IMPLEMENTATIONS = YES;
				CLANG_WARN_DIRECT_OBJC_ISA_USAGE = YES_ERROR;
				CLANG_WARN_DOCUMENTATION_COMMENTS = YES;
				CLANG_WARN_EMPTY_BODY = YES;
				CLANG_WARN_ENUM_CONVERSION = YES;
				CLANG_WARN_INFINITE_RECURSION = YES;
				CLANG_WARN_INT_CONVERSION = YES;
				CLANG_WARN_NON_LITERAL_NULL_CONVERSION = YES;
				CLANG_WARN_OBJC_IMPLICIT_RETAIN_SELF = YES;
				CLANG_WARN_OBJC_LITERAL_CONVERSION = YES;
				CLANG_WARN_OBJC_ROOT_CLASS = YES_ERROR;
				CLANG_WARN_RANGE_LOOP_ANALYSIS = YES;
				CLANG_WARN_STRICT_PROTOTYPES = YES;
				CLANG_WARN_SUSPICIOUS_MOVE = YES;
				CLANG_WARN_UNGUARDED_AVAILABILITY = YES_AGGRESSIVE;
				CLANG_WARN_UNREACHABLE_CODE = YES;
				CLANG_WARN__DUPLICATE_METHOD_MATCH = YES;
				COPY_PHASE_STRIP = NO;
				DEBUG_INFORMATION_FORMAT = dwarf;
				ENABLE_STRICT_OBJC_MSGSEND = YES;
				ENABLE_TESTABILITY = YES;
				GCC_C_LANGUAGE_STANDARD = gnu11;
				GCC_DYNAMIC_NO_PIC = NO;
				GCC_NO_COMMON_BLOCKS = YES;
				GCC_OPTIMIZATION_LEVEL = 0;
				GCC_PREPROCESSOR_DEFINITIONS = (
					"DEBUG=1",
					"$(inherited)",
				);
				GCC_WARN_64_TO_32_BIT_CONVERSION = YES;
				GCC_WARN_ABOUT_RETURN_TYPE = YES_ERROR;
				GCC_WARN_UNDECLARED_SELECTOR = YES;
				GCC_WARN_UNINITIALIZED_AUTOS = YES_AGGRESSIVE;
				GCC_WARN_UNUSED_FUNCTION = YES;
				GCC_WARN_UNUSED_VARIABLE = YES;
				IPHONEOS_DEPLOYMENT_TARGET = 13.5;
				MTL_ENABLE_DEBUG_INFO = INCLUDE_SOURCE;
				MTL_FAST_MATH = YES;
				ONLY_ACTIVE_ARCH = YES;
				SDKROOT = iphoneos;
				SWIFT_ACTIVE_COMPILATION_CONDITIONS = DEBUG;
				SWIFT_OPTIMIZATION_LEVEL = "-Onone";
			};
			name = Debug;
		};
		84D1F33224B16F1400D51359 /* Release */ = {
			isa = XCBuildConfiguration;
			buildSettings = {
				ALWAYS_SEARCH_USER_PATHS = NO;
				CLANG_ANALYZER_NONNULL = YES;
				CLANG_ANALYZER_NUMBER_OBJECT_CONVERSION = YES_AGGRESSIVE;
				CLANG_CXX_LANGUAGE_STANDARD = "gnu++14";
				CLANG_CXX_LIBRARY = "libc++";
				CLANG_ENABLE_MODULES = YES;
				CLANG_ENABLE_OBJC_ARC = YES;
				CLANG_ENABLE_OBJC_WEAK = YES;
				CLANG_WARN_BLOCK_CAPTURE_AUTORELEASING = YES;
				CLANG_WARN_BOOL_CONVERSION = YES;
				CLANG_WARN_COMMA = YES;
				CLANG_WARN_CONSTANT_CONVERSION = YES;
				CLANG_WARN_DEPRECATED_OBJC_IMPLEMENTATIONS = YES;
				CLANG_WARN_DIRECT_OBJC_ISA_USAGE = YES_ERROR;
				CLANG_WARN_DOCUMENTATION_COMMENTS = YES;
				CLANG_WARN_EMPTY_BODY = YES;
				CLANG_WARN_ENUM_CONVERSION = YES;
				CLANG_WARN_INFINITE_RECURSION = YES;
				CLANG_WARN_INT_CONVERSION = YES;
				CLANG_WARN_NON_LITERAL_NULL_CONVERSION = YES;
				CLANG_WARN_OBJC_IMPLICIT_RETAIN_SELF = YES;
				CLANG_WARN_OBJC_LITERAL_CONVERSION = YES;
				CLANG_WARN_OBJC_ROOT_CLASS = YES_ERROR;
				CLANG_WARN_RANGE_LOOP_ANALYSIS = YES;
				CLANG_WARN_STRICT_PROTOTYPES = YES;
				CLANG_WARN_SUSPICIOUS_MOVE = YES;
				CLANG_WARN_UNGUARDED_AVAILABILITY = YES_AGGRESSIVE;
				CLANG_WARN_UNREACHABLE_CODE = YES;
				CLANG_WARN__DUPLICATE_METHOD_MATCH = YES;
				COPY_PHASE_STRIP = NO;
				DEBUG_INFORMATION_FORMAT = "dwarf-with-dsym";
				ENABLE_NS_ASSERTIONS = NO;
				ENABLE_STRICT_OBJC_MSGSEND = YES;
				GCC_C_LANGUAGE_STANDARD = gnu11;
				GCC_NO_COMMON_BLOCKS = YES;
				GCC_WARN_64_TO_32_BIT_CONVERSION = YES;
				GCC_WARN_ABOUT_RETURN_TYPE = YES_ERROR;
				GCC_WARN_UNDECLARED_SELECTOR = YES;
				GCC_WARN_UNINITIALIZED_AUTOS = YES_AGGRESSIVE;
				GCC_WARN_UNUSED_FUNCTION = YES;
				GCC_WARN_UNUSED_VARIABLE = YES;
				IPHONEOS_DEPLOYMENT_TARGET = 13.5;
				MTL_ENABLE_DEBUG_INFO = NO;
				MTL_FAST_MATH = YES;
				SDKROOT = iphoneos;
				SWIFT_COMPILATION_MODE = wholemodule;
				SWIFT_OPTIMIZATION_LEVEL = "-O";
				VALIDATE_PRODUCT = YES;
			};
			name = Release;
		};
		84D1F33424B16F1400D51359 /* Debug */ = {
			isa = XCBuildConfiguration;
			baseConfigurationReference = 870F69E7CF206A46476D1D89 /* Pods-ADecadeOfMovies.debug.xcconfig */;
			buildSettings = {
				ASSETCATALOG_COMPILER_APPICON_NAME = AppIcon;
				CODE_SIGN_STYLE = Automatic;
				INFOPLIST_FILE = ADecadeOfMovies/Info.plist;
				IPHONEOS_DEPLOYMENT_TARGET = 13.0;
				LD_RUNPATH_SEARCH_PATHS = (
					"$(inherited)",
					"@executable_path/Frameworks",
				);
				PRODUCT_BUNDLE_IDENTIFIER = MSM.ADecadeOfMovies;
				PRODUCT_NAME = "$(TARGET_NAME)";
				SWIFT_VERSION = 5.0;
				TARGETED_DEVICE_FAMILY = 1;
			};
			name = Debug;
		};
		84D1F33524B16F1400D51359 /* Release */ = {
			isa = XCBuildConfiguration;
			baseConfigurationReference = 01C285EBCA37F8FF970C3DE9 /* Pods-ADecadeOfMovies.release.xcconfig */;
			buildSettings = {
				ASSETCATALOG_COMPILER_APPICON_NAME = AppIcon;
				CODE_SIGN_STYLE = Automatic;
				INFOPLIST_FILE = ADecadeOfMovies/Info.plist;
				IPHONEOS_DEPLOYMENT_TARGET = 13.0;
				LD_RUNPATH_SEARCH_PATHS = (
					"$(inherited)",
					"@executable_path/Frameworks",
				);
				PRODUCT_BUNDLE_IDENTIFIER = MSM.ADecadeOfMovies;
				PRODUCT_NAME = "$(TARGET_NAME)";
				SWIFT_VERSION = 5.0;
				TARGETED_DEVICE_FAMILY = 1;
			};
			name = Release;
		};
		84D1F33724B16F1400D51359 /* Debug */ = {
			isa = XCBuildConfiguration;
			baseConfigurationReference = D7F047FAD01C1EE83BE093AD /* Pods-ADecadeOfMoviesTests.debug.xcconfig */;
			buildSettings = {
				ALWAYS_EMBED_SWIFT_STANDARD_LIBRARIES = YES;
				BUNDLE_LOADER = "$(TEST_HOST)";
				CODE_SIGN_STYLE = Automatic;
				INFOPLIST_FILE = ADecadeOfMoviesTests/Info.plist;
				IPHONEOS_DEPLOYMENT_TARGET = 13.5;
				LD_RUNPATH_SEARCH_PATHS = (
					"$(inherited)",
					"@executable_path/Frameworks",
					"@loader_path/Frameworks",
				);
				PRODUCT_BUNDLE_IDENTIFIER = MSM.ADecadeOfMoviesTests;
				PRODUCT_NAME = "$(TARGET_NAME)";
				SWIFT_VERSION = 5.0;
				TARGETED_DEVICE_FAMILY = "1,2";
				TEST_HOST = "$(BUILT_PRODUCTS_DIR)/ADecadeOfMovies.app/ADecadeOfMovies";
			};
			name = Debug;
		};
		84D1F33824B16F1400D51359 /* Release */ = {
			isa = XCBuildConfiguration;
			baseConfigurationReference = 4F66641EC578AD786DB2FB00 /* Pods-ADecadeOfMoviesTests.release.xcconfig */;
			buildSettings = {
				ALWAYS_EMBED_SWIFT_STANDARD_LIBRARIES = YES;
				BUNDLE_LOADER = "$(TEST_HOST)";
				CODE_SIGN_STYLE = Automatic;
				INFOPLIST_FILE = ADecadeOfMoviesTests/Info.plist;
				IPHONEOS_DEPLOYMENT_TARGET = 13.5;
				LD_RUNPATH_SEARCH_PATHS = (
					"$(inherited)",
					"@executable_path/Frameworks",
					"@loader_path/Frameworks",
				);
				PRODUCT_BUNDLE_IDENTIFIER = MSM.ADecadeOfMoviesTests;
				PRODUCT_NAME = "$(TARGET_NAME)";
				SWIFT_VERSION = 5.0;
				TARGETED_DEVICE_FAMILY = "1,2";
				TEST_HOST = "$(BUILT_PRODUCTS_DIR)/ADecadeOfMovies.app/ADecadeOfMovies";
			};
			name = Release;
		};
/* End XCBuildConfiguration section */

/* Begin XCConfigurationList section */
		84D1F30D24B16F1200D51359 /* Build configuration list for PBXProject "ADecadeOfMovies" */ = {
			isa = XCConfigurationList;
			buildConfigurations = (
				84D1F33124B16F1400D51359 /* Debug */,
				84D1F33224B16F1400D51359 /* Release */,
			);
			defaultConfigurationIsVisible = 0;
			defaultConfigurationName = Release;
		};
		84D1F33324B16F1400D51359 /* Build configuration list for PBXNativeTarget "ADecadeOfMovies" */ = {
			isa = XCConfigurationList;
			buildConfigurations = (
				84D1F33424B16F1400D51359 /* Debug */,
				84D1F33524B16F1400D51359 /* Release */,
			);
			defaultConfigurationIsVisible = 0;
			defaultConfigurationName = Release;
		};
		84D1F33624B16F1400D51359 /* Build configuration list for PBXNativeTarget "ADecadeOfMoviesTests" */ = {
			isa = XCConfigurationList;
			buildConfigurations = (
				84D1F33724B16F1400D51359 /* Debug */,
				84D1F33824B16F1400D51359 /* Release */,
			);
			defaultConfigurationIsVisible = 0;
			defaultConfigurationName = Release;
		};
/* End XCConfigurationList section */
	};
	rootObject = 84D1F30A24B16F1200D51359 /* Project object */;
}
